
Microsoft Visual Studio Solution File, Format Version 12.00
# Visual Studio Version 16
VisualStudioVersion = 16.0.32802.440
MinimumVisualStudioVersion = 10.0.40219.1
Project("{9A19103F-16F7-4668-BE54-9A1E7A4F7556}") = "SistemaInventario.Utilidades", "SistemaInventario.Utilidades.csproj", "{8EB7B7CC-5B9A-4A97-B1CB-31F136E6D361}"
EndProject
Global
	GlobalSection(SolutionConfigurationPlatforms) = preSolution
		Debug|Any CPU = Debug|Any CPU
		Release|Any CPU = Release|Any CPU
	EndGlobalSection
	GlobalSection(ProjectConfigurationPlatforms) = postSolution
		{8EB7B7CC-5B9A-4A97-B1CB-31F136E6D361}.Debug|Any CPU.ActiveCfg = Debug|Any CPU
		{8EB7B7CC-5B9A-4A97-B1CB-31F136E6D361}.Debug|Any CPU.Build.0 = Debug|Any CPU
		{8EB7B7CC-5B9A-4A97-B1CB-31F136E6D361}.Release|Any CPU.ActiveCfg = Release|Any CPU
		{8EB7B7CC-5B9A-4A97-B1CB-31F136E6D361}.Release|Any CPU.Build.0 = Release|Any CPU
	EndGlobalSection
	GlobalSection(SolutionProperties) = preSolution
		HideSolutionNode = FALSE
	EndGlobalSection
	GlobalSection(ExtensibilityGlobals) = postSolution
		SolutionGuid = {EB6154E2-0573-4681-8B1E-1FB2967E5BAA}
	EndGlobalSection
EndGlobal
